
Microsoft Visual Studio Solution File, Format Version 12.00
# Visual Studio Version 17
VisualStudioVersion = 17.13.35825.156
MinimumVisualStudioVersion = 10.0.40219.1
Project("{9A19103F-16F7-4668-BE54-9A1E7A4F7556}") = "Basic_02_1", "base_02_1\Basic_02_1.csproj", "{64E473E5-1382-4AC6-83E2-F599BA2F62B6}"
EndProject
Project("{9A19103F-16F7-4668-BE54-9A1E7A4F7556}") = "Basic_04_1_DayOfWeek", "Basic_04_1_DayOfWeek\Basic_04_1_DayOfWeek.csproj", "{284C340A-9774-4541-8071-AD025BDD4F29}"
EndProject
Project("{9A19103F-16F7-4668-BE54-9A1E7A4F7556}") = "Basic_04_2_Calculator", "Basic_04_2_Calculator\Basic_04_2_Calculator.csproj", "{269702B4-E3F9-41D7-87FA-F55A5C566A0E}"
EndProject
Project("{9A19103F-16F7-4668-BE54-9A1E7A4F7556}") = "Basic_05_bonus", "Basic_05_bonus\Basic_05_bonus.csproj", "{998671FB-4C08-4F3B-8916-326C1EB042E6}"
EndProject
Project("{9A19103F-16F7-4668-BE54-9A1E7A4F7556}") = "Basic_05_1_exception_divide_by_zero", "Basic_05_1_exception_divide_by_zero\Basic_05_1_exception_divide_by_zero.csproj", "{61598B61-ECBE-4828-AA0A-B911BAB83A97}"
EndProject
Project("{9A19103F-16F7-4668-BE54-9A1E7A4F7556}") = "Basic_05_2_NumberFormatException", "Basic_05_2_NumberFormatException\Basic_05_2_NumberFormatException.csproj", "{E5B9892C-E374-48E5-B077-E78E18E31DB4}"
EndProject
Project("{FAE04EC0-301F-11D3-BF4B-00C04F79EFBC}") = "Basic_06_1_Loops", "Basic_06_1_Loops\Basic_06_1_Loops.csproj", "{4F187044-0F9A-4F80-8FB1-EBB61B74CA09}"
EndProject
Project("{FAE04EC0-301F-11D3-BF4B-00C04F79EFBC}") = "Basic_07_1_TicTacToe", "Basic_07_1_TicTacToe\Basic_07_1_TicTacToe.csproj", "{37411616-6686-4507-A22A-5BC1DFAD83E2}"
EndProject
Project("{FAE04EC0-301F-11D3-BF4B-00C04F79EFBC}") = "Basic_08_bonus_01_growing_array", "Basic_08_bonus_01_growing_array\Basic_08_bonus_01_growing_array.csproj", "{B0D0F3CF-0DDF-4C2E-8115-BC0B35BE4423}"
EndProject
Project("{FAE04EC0-301F-11D3-BF4B-00C04F79EFBC}") = "Basic_08_bonus_02_average_array", "Basic_08_bonus_02_average_array\Basic_08_bonus_02_average_array.csproj", "{48C98E3C-02D8-4A92-9E65-3B0D51A1F984}"
EndProject
Project("{FAE04EC0-301F-11D3-BF4B-00C04F79EFBC}") = "Basic_08_bonus_03_palindrome", "Basic_08_bonus_03_palindrome\Basic_08_bonus_03_palindrome.csproj", "{EC942731-AAA3-48FA-AFC2-FABFD8FDE5D7}"
EndProject
Project("{FAE04EC0-301F-11D3-BF4B-00C04F79EFBC}") = "Basic_08_bonus_04_reverse", "Basic_08_bonus_04_reverse\Basic_08_bonus_04_reverse.csproj", "{4352C846-E107-416E-966C-B8FF19D1B675}"
EndProject
Project("{FAE04EC0-301F-11D3-BF4B-00C04F79EFBC}") = "Basic_08_bonus_05_max_value", "Basic_08_bonus_05_max_value\Basic_08_bonus_05_max_value.csproj", "{E7B7254E-17FD-47D0-BAD7-7950ED47568A}"
EndProject
Project("{FAE04EC0-301F-11D3-BF4B-00C04F79EFBC}") = "Basic_08_1_Arrays", "Basic_08_1_Arrays\Basic_08_1_Arrays.csproj", "{8E8D042E-8EC6-473C-93FD-EC33CEAC5EA6}"
EndProject
Project("{FAE04EC0-301F-11D3-BF4B-00C04F79EFBC}") = "Basic_09_bonus_01_identity_matrix", "Basic_09_bonus_01_identity_matrix\Basic_09_bonus_01_identity_matrix.csproj", "{6A38476B-E63E-402E-930B-0F9E369A8CB6}"
EndProject
Project("{FAE04EC0-301F-11D3-BF4B-00C04F79EFBC}") = "Basic_09_bonus_02_odd_values", "Basic_09_bonus_02_odd_values\Basic_09_bonus_02_odd_values.csproj", "{7FFCEA44-2DC0-4C10-A1D3-9A2400A5B984}"
EndProject
Project("{FAE04EC0-301F-11D3-BF4B-00C04F79EFBC}") = "Basic_09_bonus_03_get_size_in_array", "Basic_09_bonus_03_get_size_in_array\Basic_09_bonus_03_get_size_in_array.csproj", "{BB6F97F4-5CC0-4887-89E5-285F093314E4}"
EndProject
Project("{FAE04EC0-301F-11D3-BF4B-00C04F79EFBC}") = "Basic_09_bonus_04_transpose_matrix", "Basic_09_bonus_04_transpose_matrix\Basic_09_bonus_04_transpose_matrix.csproj", "{2B109DE7-4C8F-49FD-873A-C37E3F669784}"
EndProject
Project("{FAE04EC0-301F-11D3-BF4B-00C04F79EFBC}") = "Basic_09_bonus_05_compare_matrix", "Basic_09_bonus_05_compare_matrix\Basic_09_bonus_05_compare_matrix.csproj", "{613FF218-6924-45AE-92B2-725C5F920F5E}"
EndProject
Project("{FAE04EC0-301F-11D3-BF4B-00C04F79EFBC}") = "Basic_10_3_delete_spaces_string", "Basic_10_3_delete_spaces_string\Basic_10_3_delete_spaces_string.csproj", "{0E2B3BF6-8F89-45FE-B35B-A2C313EE2D18}"
EndProject
Project("{FAE04EC0-301F-11D3-BF4B-00C04F79EFBC}") = "Basic_10_1_compare_first_letters", "Basic_10_1_compare_fitst_letters\Basic_10_1_compare_first_letters.csproj", "{1D177B98-F5CA-4D6B-B326-2021199BF41E}"
EndProject
Project("{FAE04EC0-301F-11D3-BF4B-00C04F79EFBC}") = "Basic_09_1_Arrays_2_algorythms", "Basic_09_1_Arrays_2_algorythms\Basic_09_1_Arrays_2_algorythms.csproj", "{9B2F0D9B-3130-41D9-9C43-4069406E67C4}"
EndProject
Project("{FAE04EC0-301F-11D3-BF4B-00C04F79EFBC}") = "Basic_10_2_text_report", "Basic_10_2_text_report\Basic_10_2_text_report.csproj", "{29498301-4940-49C4-A5D7-16D12EB72F89}"
EndProject
Project("{FAE04EC0-301F-11D3-BF4B-00C04F79EFBC}") = "Basic_12_bonus_01_sum_of_digits_in_number", "Basic_12_bonus_01_sum_of_digits_in_number\Basic_12_bonus_01_sum_of_digits_in_number.csproj", "{17EF35BF-BB02-48BD-8351-C900C91782B7}"
EndProject
Project("{FAE04EC0-301F-11D3-BF4B-00C04F79EFBC}") = "Basic_12_bonus_01_sum_of_arrayElements_by_recurtion", "Basic_12_bonus_01_sum_of_arrayElements_by_recurtion\Basic_12_bonus_01_sum_of_arrayElements_by_recurtion.csproj", "{66AFD34F-57F5-4793-AE52-7E20C619E77B}"
EndProject
Project("{FAE04EC0-301F-11D3-BF4B-00C04F79EFBC}") = "Basic_12_bonus_02_isPrimeNumber", "Basic_12_bonus_02_isPrimeNumber\Basic_12_bonus_02_isPrimeNumber.csproj", "{EF735520-A7E3-4155-B137-8CB9548BBEE6}"
EndProject
Project("{FAE04EC0-301F-11D3-BF4B-00C04F79EFBC}") = "Basic_12_1_fibonacci_recursion", "Basic_12_1_fibonacci_recursion\Basic_12_1_fibonacci_recursion.csproj", "{7B7CCEBF-8057-4EC9-A12C-8C1E3944EC5D}"
EndProject
Project("{FAE04EC0-301F-11D3-BF4B-00C04F79EFBC}") = "Basic_11_1_Gallows", "Basic_11_1_Gallows\Basic_11_1_Gallows.csproj", "{3E642F68-7563-4EC3-861C-49BADC99FA30}"
EndProject
Project("{FAE04EC0-301F-11D3-BF4B-00C04F79EFBC}") = "Basic_10_bonus_01_string_delete_words", "Basic_10_bonus_01_string_delete_words\Basic_10_bonus_01_string_delete_words.csproj", "{311EDA1F-E56D-49BB-9F4E-E3129ABB2FEA}"
EndProject
Project("{FAE04EC0-301F-11D3-BF4B-00C04F79EFBC}") = "Basic_13_1_ToDoList", "Basic_13_1_ToDoList\Basic_13_1_ToDoList.csproj", "{304EABE3-CBBC-4663-BE2E-23786BA72FB8}"
EndProject
Project("{FAE04EC0-301F-11D3-BF4B-00C04F79EFBC}") = "Basic_13_1_ToDoList_rev2", "Basic_13_1_ToDoList_rev2\Basic_13_1_ToDoList_rev2.csproj", "{B7D3E5CD-0A22-4FCB-A0D0-FABEB0C1BBFB}"
EndProject
Project("{FAE04EC0-301F-11D3-BF4B-00C04F79EFBC}") = "Basic_14_bonus_01_class_student", "Basic_14_bonus_01_class_student\Basic_14_bonus_01_class_student.csproj", "{8B36AEFD-C360-4A05-BB5C-96598ECEDD20}"
EndProject
Project("{FAE04EC0-301F-11D3-BF4B-00C04F79EFBC}") = "Basic_14_bonus_02_class_student_overload_constructor", "Basic_14_bonus_02_class_student_overload_constructor\Basic_14_bonus_02_class_student_overload_constructor.csproj", "{237F5978-6AA2-4761-B14D-CBD821F14576}"
EndProject
Project("{FAE04EC0-301F-11D3-BF4B-00C04F79EFBC}") = "Basic_14_bonus_03_class_customer", "Basic_14_bonus_03_class_customer\Basic_14_bonus_03_class_customer.csproj", "{84A236F7-24AC-4FE8-A575-D7CEB7621829}"
EndProject
Project("{FAE04EC0-301F-11D3-BF4B-00C04F79EFBC}") = "Basic_14_1_AccountClass", "Basic_14_1_AccountClass\Basic_14_1_AccountClass.csproj", "{BB937B92-606E-4CCD-8B01-52DA5B8646E2}"
EndProject
Project("{FAE04EC0-301F-11D3-BF4B-00C04F79EFBC}") = "Basic_15_bonus_01_shape_area", "Basic_15_bonus_01_shape_area\Basic_15_bonus_01_shape_area.csproj", "{9166E173-8075-4C71-A905-B0221F36EADF}"
EndProject
Project("{FAE04EC0-301F-11D3-BF4B-00C04F79EFBC}") = "Basic_15_bonus_02_car_simulator", "Basic_15_bonus_02_car_simulator\Basic_15_bonus_02_car_simulator.csproj", "{BD9FCD80-6BBC-4521-B9ED-99FBD9F19388}"
EndProject
Project("{FAE04EC0-301F-11D3-BF4B-00C04F79EFBC}") = "Basic_16_1_CopyTxtFile", "Basic_16_1_CopyTxtFile\Basic_16_1_CopyTxtFile.csproj", "{F628D68A-A514-47D2-B072-47291A7D822A}"
EndProject
Global
	GlobalSection(SolutionConfigurationPlatforms) = preSolution
		Debug|Any CPU = Debug|Any CPU
		Release|Any CPU = Release|Any CPU
	EndGlobalSection
	GlobalSection(ProjectConfigurationPlatforms) = postSolution
		{64E473E5-1382-4AC6-83E2-F599BA2F62B6}.Debug|Any CPU.ActiveCfg = Debug|Any CPU
		{64E473E5-1382-4AC6-83E2-F599BA2F62B6}.Debug|Any CPU.Build.0 = Debug|Any CPU
		{64E473E5-1382-4AC6-83E2-F599BA2F62B6}.Release|Any CPU.ActiveCfg = Release|Any CPU
		{64E473E5-1382-4AC6-83E2-F599BA2F62B6}.Release|Any CPU.Build.0 = Release|Any CPU
		{284C340A-9774-4541-8071-AD025BDD4F29}.Debug|Any CPU.ActiveCfg = Debug|Any CPU
		{284C340A-9774-4541-8071-AD025BDD4F29}.Debug|Any CPU.Build.0 = Debug|Any CPU
		{284C340A-9774-4541-8071-AD025BDD4F29}.Release|Any CPU.ActiveCfg = Release|Any CPU
		{284C340A-9774-4541-8071-AD025BDD4F29}.Release|Any CPU.Build.0 = Release|Any CPU
		{269702B4-E3F9-41D7-87FA-F55A5C566A0E}.Debug|Any CPU.ActiveCfg = Debug|Any CPU
		{269702B4-E3F9-41D7-87FA-F55A5C566A0E}.Debug|Any CPU.Build.0 = Debug|Any CPU
		{269702B4-E3F9-41D7-87FA-F55A5C566A0E}.Release|Any CPU.ActiveCfg = Release|Any CPU
		{269702B4-E3F9-41D7-87FA-F55A5C566A0E}.Release|Any CPU.Build.0 = Release|Any CPU
		{998671FB-4C08-4F3B-8916-326C1EB042E6}.Debug|Any CPU.ActiveCfg = Debug|Any CPU
		{998671FB-4C08-4F3B-8916-326C1EB042E6}.Debug|Any CPU.Build.0 = Debug|Any CPU
		{998671FB-4C08-4F3B-8916-326C1EB042E6}.Release|Any CPU.ActiveCfg = Release|Any CPU
		{998671FB-4C08-4F3B-8916-326C1EB042E6}.Release|Any CPU.Build.0 = Release|Any CPU
		{61598B61-ECBE-4828-AA0A-B911BAB83A97}.Debug|Any CPU.ActiveCfg = Debug|Any CPU
		{61598B61-ECBE-4828-AA0A-B911BAB83A97}.Debug|Any CPU.Build.0 = Debug|Any CPU
		{61598B61-ECBE-4828-AA0A-B911BAB83A97}.Release|Any CPU.ActiveCfg = Release|Any CPU
		{61598B61-ECBE-4828-AA0A-B911BAB83A97}.Release|Any CPU.Build.0 = Release|Any CPU
		{E5B9892C-E374-48E5-B077-E78E18E31DB4}.Debug|Any CPU.ActiveCfg = Debug|Any CPU
		{E5B9892C-E374-48E5-B077-E78E18E31DB4}.Debug|Any CPU.Build.0 = Debug|Any CPU
		{E5B9892C-E374-48E5-B077-E78E18E31DB4}.Release|Any CPU.ActiveCfg = Release|Any CPU
		{E5B9892C-E374-48E5-B077-E78E18E31DB4}.Release|Any CPU.Build.0 = Release|Any CPU
		{4F187044-0F9A-4F80-8FB1-EBB61B74CA09}.Debug|Any CPU.ActiveCfg = Debug|Any CPU
		{4F187044-0F9A-4F80-8FB1-EBB61B74CA09}.Debug|Any CPU.Build.0 = Debug|Any CPU
		{4F187044-0F9A-4F80-8FB1-EBB61B74CA09}.Release|Any CPU.ActiveCfg = Release|Any CPU
		{4F187044-0F9A-4F80-8FB1-EBB61B74CA09}.Release|Any CPU.Build.0 = Release|Any CPU
		{37411616-6686-4507-A22A-5BC1DFAD83E2}.Debug|Any CPU.ActiveCfg = Debug|Any CPU
		{37411616-6686-4507-A22A-5BC1DFAD83E2}.Debug|Any CPU.Build.0 = Debug|Any CPU
		{37411616-6686-4507-A22A-5BC1DFAD83E2}.Release|Any CPU.ActiveCfg = Release|Any CPU
		{37411616-6686-4507-A22A-5BC1DFAD83E2}.Release|Any CPU.Build.0 = Release|Any CPU
		{B0D0F3CF-0DDF-4C2E-8115-BC0B35BE4423}.Debug|Any CPU.ActiveCfg = Debug|Any CPU
		{B0D0F3CF-0DDF-4C2E-8115-BC0B35BE4423}.Debug|Any CPU.Build.0 = Debug|Any CPU
		{B0D0F3CF-0DDF-4C2E-8115-BC0B35BE4423}.Release|Any CPU.ActiveCfg = Release|Any CPU
		{B0D0F3CF-0DDF-4C2E-8115-BC0B35BE4423}.Release|Any CPU.Build.0 = Release|Any CPU
		{48C98E3C-02D8-4A92-9E65-3B0D51A1F984}.Debug|Any CPU.ActiveCfg = Debug|Any CPU
		{48C98E3C-02D8-4A92-9E65-3B0D51A1F984}.Debug|Any CPU.Build.0 = Debug|Any CPU
		{48C98E3C-02D8-4A92-9E65-3B0D51A1F984}.Release|Any CPU.ActiveCfg = Release|Any CPU
		{48C98E3C-02D8-4A92-9E65-3B0D51A1F984}.Release|Any CPU.Build.0 = Release|Any CPU
		{EC942731-AAA3-48FA-AFC2-FABFD8FDE5D7}.Debug|Any CPU.ActiveCfg = Debug|Any CPU
		{EC942731-AAA3-48FA-AFC2-FABFD8FDE5D7}.Debug|Any CPU.Build.0 = Debug|Any CPU
		{EC942731-AAA3-48FA-AFC2-FABFD8FDE5D7}.Release|Any CPU.ActiveCfg = Release|Any CPU
		{EC942731-AAA3-48FA-AFC2-FABFD8FDE5D7}.Release|Any CPU.Build.0 = Release|Any CPU
		{4352C846-E107-416E-966C-B8FF19D1B675}.Debug|Any CPU.ActiveCfg = Debug|Any CPU
		{4352C846-E107-416E-966C-B8FF19D1B675}.Debug|Any CPU.Build.0 = Debug|Any CPU
		{4352C846-E107-416E-966C-B8FF19D1B675}.Release|Any CPU.ActiveCfg = Release|Any CPU
		{4352C846-E107-416E-966C-B8FF19D1B675}.Release|Any CPU.Build.0 = Release|Any CPU
		{E7B7254E-17FD-47D0-BAD7-7950ED47568A}.Debug|Any CPU.ActiveCfg = Debug|Any CPU
		{E7B7254E-17FD-47D0-BAD7-7950ED47568A}.Debug|Any CPU.Build.0 = Debug|Any CPU
		{E7B7254E-17FD-47D0-BAD7-7950ED47568A}.Release|Any CPU.ActiveCfg = Release|Any CPU
		{E7B7254E-17FD-47D0-BAD7-7950ED47568A}.Release|Any CPU.Build.0 = Release|Any CPU
		{8E8D042E-8EC6-473C-93FD-EC33CEAC5EA6}.Debug|Any CPU.ActiveCfg = Debug|Any CPU
		{8E8D042E-8EC6-473C-93FD-EC33CEAC5EA6}.Debug|Any CPU.Build.0 = Debug|Any CPU
		{8E8D042E-8EC6-473C-93FD-EC33CEAC5EA6}.Release|Any CPU.ActiveCfg = Release|Any CPU
		{8E8D042E-8EC6-473C-93FD-EC33CEAC5EA6}.Release|Any CPU.Build.0 = Release|Any CPU
		{6A38476B-E63E-402E-930B-0F9E369A8CB6}.Debug|Any CPU.ActiveCfg = Debug|Any CPU
		{6A38476B-E63E-402E-930B-0F9E369A8CB6}.Debug|Any CPU.Build.0 = Debug|Any CPU
		{6A38476B-E63E-402E-930B-0F9E369A8CB6}.Release|Any CPU.ActiveCfg = Release|Any CPU
		{6A38476B-E63E-402E-930B-0F9E369A8CB6}.Release|Any CPU.Build.0 = Release|Any CPU
		{7FFCEA44-2DC0-4C10-A1D3-9A2400A5B984}.Debug|Any CPU.ActiveCfg = Debug|Any CPU
		{7FFCEA44-2DC0-4C10-A1D3-9A2400A5B984}.Debug|Any CPU.Build.0 = Debug|Any CPU
		{7FFCEA44-2DC0-4C10-A1D3-9A2400A5B984}.Release|Any CPU.ActiveCfg = Release|Any CPU
		{7FFCEA44-2DC0-4C10-A1D3-9A2400A5B984}.Release|Any CPU.Build.0 = Release|Any CPU
		{BB6F97F4-5CC0-4887-89E5-285F093314E4}.Debug|Any CPU.ActiveCfg = Debug|Any CPU
		{BB6F97F4-5CC0-4887-89E5-285F093314E4}.Debug|Any CPU.Build.0 = Debug|Any CPU
		{BB6F97F4-5CC0-4887-89E5-285F093314E4}.Release|Any CPU.ActiveCfg = Release|Any CPU
		{BB6F97F4-5CC0-4887-89E5-285F093314E4}.Release|Any CPU.Build.0 = Release|Any CPU
		{2B109DE7-4C8F-49FD-873A-C37E3F669784}.Debug|Any CPU.ActiveCfg = Debug|Any CPU
		{2B109DE7-4C8F-49FD-873A-C37E3F669784}.Debug|Any CPU.Build.0 = Debug|Any CPU
		{2B109DE7-4C8F-49FD-873A-C37E3F669784}.Release|Any CPU.ActiveCfg = Release|Any CPU
		{2B109DE7-4C8F-49FD-873A-C37E3F669784}.Release|Any CPU.Build.0 = Release|Any CPU
		{613FF218-6924-45AE-92B2-725C5F920F5E}.Debug|Any CPU.ActiveCfg = Debug|Any CPU
		{613FF218-6924-45AE-92B2-725C5F920F5E}.Debug|Any CPU.Build.0 = Debug|Any CPU
		{613FF218-6924-45AE-92B2-725C5F920F5E}.Release|Any CPU.ActiveCfg = Release|Any CPU
		{613FF218-6924-45AE-92B2-725C5F920F5E}.Release|Any CPU.Build.0 = Release|Any CPU
		{0E2B3BF6-8F89-45FE-B35B-A2C313EE2D18}.Debug|Any CPU.ActiveCfg = Debug|Any CPU
		{0E2B3BF6-8F89-45FE-B35B-A2C313EE2D18}.Debug|Any CPU.Build.0 = Debug|Any CPU
		{0E2B3BF6-8F89-45FE-B35B-A2C313EE2D18}.Release|Any CPU.ActiveCfg = Release|Any CPU
		{0E2B3BF6-8F89-45FE-B35B-A2C313EE2D18}.Release|Any CPU.Build.0 = Release|Any CPU
		{1D177B98-F5CA-4D6B-B326-2021199BF41E}.Debug|Any CPU.ActiveCfg = Debug|Any CPU
		{1D177B98-F5CA-4D6B-B326-2021199BF41E}.Debug|Any CPU.Build.0 = Debug|Any CPU
		{1D177B98-F5CA-4D6B-B326-2021199BF41E}.Release|Any CPU.ActiveCfg = Release|Any CPU
		{1D177B98-F5CA-4D6B-B326-2021199BF41E}.Release|Any CPU.Build.0 = Release|Any CPU
		{9B2F0D9B-3130-41D9-9C43-4069406E67C4}.Debug|Any CPU.ActiveCfg = Debug|Any CPU
		{9B2F0D9B-3130-41D9-9C43-4069406E67C4}.Debug|Any CPU.Build.0 = Debug|Any CPU
		{9B2F0D9B-3130-41D9-9C43-4069406E67C4}.Release|Any CPU.ActiveCfg = Release|Any CPU
		{9B2F0D9B-3130-41D9-9C43-4069406E67C4}.Release|Any CPU.Build.0 = Release|Any CPU
		{29498301-4940-49C4-A5D7-16D12EB72F89}.Debug|Any CPU.ActiveCfg = Debug|Any CPU
		{29498301-4940-49C4-A5D7-16D12EB72F89}.Debug|Any CPU.Build.0 = Debug|Any CPU
		{29498301-4940-49C4-A5D7-16D12EB72F89}.Release|Any CPU.ActiveCfg = Release|Any CPU
		{29498301-4940-49C4-A5D7-16D12EB72F89}.Release|Any CPU.Build.0 = Release|Any CPU
		{17EF35BF-BB02-48BD-8351-C900C91782B7}.Debug|Any CPU.ActiveCfg = Debug|Any CPU
		{17EF35BF-BB02-48BD-8351-C900C91782B7}.Debug|Any CPU.Build.0 = Debug|Any CPU
		{17EF35BF-BB02-48BD-8351-C900C91782B7}.Release|Any CPU.ActiveCfg = Release|Any CPU
		{17EF35BF-BB02-48BD-8351-C900C91782B7}.Release|Any CPU.Build.0 = Release|Any CPU
		{66AFD34F-57F5-4793-AE52-7E20C619E77B}.Debug|Any CPU.ActiveCfg = Debug|Any CPU
		{66AFD34F-57F5-4793-AE52-7E20C619E77B}.Debug|Any CPU.Build.0 = Debug|Any CPU
		{66AFD34F-57F5-4793-AE52-7E20C619E77B}.Release|Any CPU.ActiveCfg = Release|Any CPU
		{66AFD34F-57F5-4793-AE52-7E20C619E77B}.Release|Any CPU.Build.0 = Release|Any CPU
		{EF735520-A7E3-4155-B137-8CB9548BBEE6}.Debug|Any CPU.ActiveCfg = Debug|Any CPU
		{EF735520-A7E3-4155-B137-8CB9548BBEE6}.Debug|Any CPU.Build.0 = Debug|Any CPU
		{EF735520-A7E3-4155-B137-8CB9548BBEE6}.Release|Any CPU.ActiveCfg = Release|Any CPU
		{EF735520-A7E3-4155-B137-8CB9548BBEE6}.Release|Any CPU.Build.0 = Release|Any CPU
		{7B7CCEBF-8057-4EC9-A12C-8C1E3944EC5D}.Debug|Any CPU.ActiveCfg = Debug|Any CPU
		{7B7CCEBF-8057-4EC9-A12C-8C1E3944EC5D}.Debug|Any CPU.Build.0 = Debug|Any CPU
		{7B7CCEBF-8057-4EC9-A12C-8C1E3944EC5D}.Release|Any CPU.ActiveCfg = Release|Any CPU
		{7B7CCEBF-8057-4EC9-A12C-8C1E3944EC5D}.Release|Any CPU.Build.0 = Release|Any CPU
		{3E642F68-7563-4EC3-861C-49BADC99FA30}.Debug|Any CPU.ActiveCfg = Debug|Any CPU
		{3E642F68-7563-4EC3-861C-49BADC99FA30}.Debug|Any CPU.Build.0 = Debug|Any CPU
		{3E642F68-7563-4EC3-861C-49BADC99FA30}.Release|Any CPU.ActiveCfg = Release|Any CPU
		{3E642F68-7563-4EC3-861C-49BADC99FA30}.Release|Any CPU.Build.0 = Release|Any CPU
		{311EDA1F-E56D-49BB-9F4E-E3129ABB2FEA}.Debug|Any CPU.ActiveCfg = Debug|Any CPU
		{311EDA1F-E56D-49BB-9F4E-E3129ABB2FEA}.Debug|Any CPU.Build.0 = Debug|Any CPU
		{311EDA1F-E56D-49BB-9F4E-E3129ABB2FEA}.Release|Any CPU.ActiveCfg = Release|Any CPU
		{311EDA1F-E56D-49BB-9F4E-E3129ABB2FEA}.Release|Any CPU.Build.0 = Release|Any CPU
		{304EABE3-CBBC-4663-BE2E-23786BA72FB8}.Debug|Any CPU.ActiveCfg = Debug|Any CPU
		{304EABE3-CBBC-4663-BE2E-23786BA72FB8}.Debug|Any CPU.Build.0 = Debug|Any CPU
		{304EABE3-CBBC-4663-BE2E-23786BA72FB8}.Release|Any CPU.ActiveCfg = Release|Any CPU
		{304EABE3-CBBC-4663-BE2E-23786BA72FB8}.Release|Any CPU.Build.0 = Release|Any CPU
		{B7D3E5CD-0A22-4FCB-A0D0-FABEB0C1BBFB}.Debug|Any CPU.ActiveCfg = Debug|Any CPU
		{B7D3E5CD-0A22-4FCB-A0D0-FABEB0C1BBFB}.Debug|Any CPU.Build.0 = Debug|Any CPU
		{B7D3E5CD-0A22-4FCB-A0D0-FABEB0C1BBFB}.Release|Any CPU.ActiveCfg = Release|Any CPU
		{B7D3E5CD-0A22-4FCB-A0D0-FABEB0C1BBFB}.Release|Any CPU.Build.0 = Release|Any CPU
		{8B36AEFD-C360-4A05-BB5C-96598ECEDD20}.Debug|Any CPU.ActiveCfg = Debug|Any CPU
		{8B36AEFD-C360-4A05-BB5C-96598ECEDD20}.Debug|Any CPU.Build.0 = Debug|Any CPU
		{8B36AEFD-C360-4A05-BB5C-96598ECEDD20}.Release|Any CPU.ActiveCfg = Release|Any CPU
		{8B36AEFD-C360-4A05-BB5C-96598ECEDD20}.Release|Any CPU.Build.0 = Release|Any CPU
		{237F5978-6AA2-4761-B14D-CBD821F14576}.Debug|Any CPU.ActiveCfg = Debug|Any CPU
		{237F5978-6AA2-4761-B14D-CBD821F14576}.Debug|Any CPU.Build.0 = Debug|Any CPU
		{237F5978-6AA2-4761-B14D-CBD821F14576}.Release|Any CPU.ActiveCfg = Release|Any CPU
		{237F5978-6AA2-4761-B14D-CBD821F14576}.Release|Any CPU.Build.0 = Release|Any CPU
		{84A236F7-24AC-4FE8-A575-D7CEB7621829}.Debug|Any CPU.ActiveCfg = Debug|Any CPU
		{84A236F7-24AC-4FE8-A575-D7CEB7621829}.Debug|Any CPU.Build.0 = Debug|Any CPU
		{84A236F7-24AC-4FE8-A575-D7CEB7621829}.Release|Any CPU.ActiveCfg = Release|Any CPU
		{84A236F7-24AC-4FE8-A575-D7CEB7621829}.Release|Any CPU.Build.0 = Release|Any CPU
		{BB937B92-606E-4CCD-8B01-52DA5B8646E2}.Debug|Any CPU.ActiveCfg = Debug|Any CPU
		{BB937B92-606E-4CCD-8B01-52DA5B8646E2}.Debug|Any CPU.Build.0 = Debug|Any CPU
		{BB937B92-606E-4CCD-8B01-52DA5B8646E2}.Release|Any CPU.ActiveCfg = Release|Any CPU
		{BB937B92-606E-4CCD-8B01-52DA5B8646E2}.Release|Any CPU.Build.0 = Release|Any CPU
		{9166E173-8075-4C71-A905-B0221F36EADF}.Debug|Any CPU.ActiveCfg = Debug|Any CPU
		{9166E173-8075-4C71-A905-B0221F36EADF}.Debug|Any CPU.Build.0 = Debug|Any CPU
		{9166E173-8075-4C71-A905-B0221F36EADF}.Release|Any CPU.ActiveCfg = Release|Any CPU
		{9166E173-8075-4C71-A905-B0221F36EADF}.Release|Any CPU.Build.0 = Release|Any CPU
		{BD9FCD80-6BBC-4521-B9ED-99FBD9F19388}.Debug|Any CPU.ActiveCfg = Debug|Any CPU
		{BD9FCD80-6BBC-4521-B9ED-99FBD9F19388}.Debug|Any CPU.Build.0 = Debug|Any CPU
		{BD9FCD80-6BBC-4521-B9ED-99FBD9F19388}.Release|Any CPU.ActiveCfg = Release|Any CPU
		{BD9FCD80-6BBC-4521-B9ED-99FBD9F19388}.Release|Any CPU.Build.0 = Release|Any CPU
		{F628D68A-A514-47D2-B072-47291A7D822A}.Debug|Any CPU.ActiveCfg = Debug|Any CPU
		{F628D68A-A514-47D2-B072-47291A7D822A}.Debug|Any CPU.Build.0 = Debug|Any CPU
		{F628D68A-A514-47D2-B072-47291A7D822A}.Release|Any CPU.ActiveCfg = Release|Any CPU
		{F628D68A-A514-47D2-B072-47291A7D822A}.Release|Any CPU.Build.0 = Release|Any CPU
	EndGlobalSection
	GlobalSection(SolutionProperties) = preSolution
		HideSolutionNode = FALSE
	EndGlobalSection
	GlobalSection(ExtensibilityGlobals) = postSolution
		SolutionGuid = {510BDE61-09A7-4E0B-ABCE-6B977D6B9DA6}
	EndGlobalSection
EndGlobal
