
Microsoft Visual Studio Solution File, Format Version 12.00
# Visual Studio Version 17
VisualStudioVersion = 17.13.35825.156
MinimumVisualStudioVersion = 10.0.40219.1
Project("{9A19103F-16F7-4668-BE54-9A1E7A4F7556}") = "Basic_02_1", "base_02_1\Basic_02_1.csproj", "{64E473E5-1382-4AC6-83E2-F599BA2F62B6}"
EndProject
Project("{9A19103F-16F7-4668-BE54-9A1E7A4F7556}") = "Basic_04_1_DayOfWeek", "Basic_04_1_DayOfWeek\Basic_04_1_DayOfWeek.csproj", "{284C340A-9774-4541-8071-AD025BDD4F29}"
EndProject
Project("{9A19103F-16F7-4668-BE54-9A1E7A4F7556}") = "Basic_04_2_Calculator", "Basic_04_2_Calculator\Basic_04_2_Calculator.csproj", "{269702B4-E3F9-41D7-87FA-F55A5C566A0E}"
EndProject
Project("{9A19103F-16F7-4668-BE54-9A1E7A4F7556}") = "Basic_05_bonus", "Basic_05_bonus\Basic_05_bonus.csproj", "{998671FB-4C08-4F3B-8916-326C1EB042E6}"
EndProject
Project("{9A19103F-16F7-4668-BE54-9A1E7A4F7556}") = "Basic_05_1_exception_divide_by_zero", "Basic_05_1_exception_divide_by_zero\Basic_05_1_exception_divide_by_zero.csproj", "{61598B61-ECBE-4828-AA0A-B911BAB83A97}"
EndProject
Project("{9A19103F-16F7-4668-BE54-9A1E7A4F7556}") = "Basic_05_2_NumberFormatException", "Basic_05_2_NumberFormatException\Basic_05_2_NumberFormatException.csproj", "{E5B9892C-E374-48E5-B077-E78E18E31DB4}"
EndProject
Project("{FAE04EC0-301F-11D3-BF4B-00C04F79EFBC}") = "Basic_06_1_Loops", "Basic_06_1_Loops\Basic_06_1_Loops.csproj", "{4F187044-0F9A-4F80-8FB1-EBB61B74CA09}"
EndProject
Project("{FAE04EC0-301F-11D3-BF4B-00C04F79EFBC}") = "Basic_07_1_TicTacToe", "Basic_07_1_TicTacToe\Basic_07_1_TicTacToe.csproj", "{37411616-6686-4507-A22A-5BC1DFAD83E2}"
EndProject
Project("{FAE04EC0-301F-11D3-BF4B-00C04F79EFBC}") = "Basic_08_bonus_01_growing_array", "Basic_08_bonus_01_growing_array\Basic_08_bonus_01_growing_array.csproj", "{B0D0F3CF-0DDF-4C2E-8115-BC0B35BE4423}"
EndProject
Project("{FAE04EC0-301F-11D3-BF4B-00C04F79EFBC}") = "Basic_08_bonus_02_average_array", "Basic_08_bonus_02_average_array\Basic_08_bonus_02_average_array.csproj", "{48C98E3C-02D8-4A92-9E65-3B0D51A1F984}"
EndProject
Project("{FAE04EC0-301F-11D3-BF4B-00C04F79EFBC}") = "Basic_08_bonus_03_palindrome", "Basic_08_bonus_03_palindrome\Basic_08_bonus_03_palindrome.csproj", "{EC942731-AAA3-48FA-AFC2-FABFD8FDE5D7}"
EndProject
Project("{FAE04EC0-301F-11D3-BF4B-00C04F79EFBC}") = "Basic_08_bonus_04_reverse", "Basic_08_bonus_04_reverse\Basic_08_bonus_04_reverse.csproj", "{4352C846-E107-416E-966C-B8FF19D1B675}"
EndProject
Project("{FAE04EC0-301F-11D3-BF4B-00C04F79EFBC}") = "Basic_08_bonus_05_max_value", "Basic_08_bonus_05_max_value\Basic_08_bonus_05_max_value.csproj", "{E7B7254E-17FD-47D0-BAD7-7950ED47568A}"
EndProject
Project("{FAE04EC0-301F-11D3-BF4B-00C04F79EFBC}") = "Basic_08_1_Arrays", "Basic_08_1_Arrays\Basic_08_1_Arrays.csproj", "{8E8D042E-8EC6-473C-93FD-EC33CEAC5EA6}"
EndProject
Project("{FAE04EC0-301F-11D3-BF4B-00C04F79EFBC}") = "Basic_09_bonus_01_identity_matrix", "Basic_09_bonus_01_identity_matrix\Basic_09_bonus_01_identity_matrix.csproj", "{6A38476B-E63E-402E-930B-0F9E369A8CB6}"
EndProject
Project("{FAE04EC0-301F-11D3-BF4B-00C04F79EFBC}") = "Basic_09_bonus_02_odd_values", "Basic_09_bonus_02_odd_values\Basic_09_bonus_02_odd_values.csproj", "{7FFCEA44-2DC0-4C10-A1D3-9A2400A5B984}"
EndProject
Project("{FAE04EC0-301F-11D3-BF4B-00C04F79EFBC}") = "Basic_09_bonus_03_get_size_in_array", "Basic_09_bonus_03_get_size_in_array\Basic_09_bonus_03_get_size_in_array.csproj", "{BB6F97F4-5CC0-4887-89E5-285F093314E4}"
EndProject
Project("{FAE04EC0-301F-11D3-BF4B-00C04F79EFBC}") = "Basic_09_bonus_04_transpose_matrix", "Basic_09_bonus_04_transpose_matrix\Basic_09_bonus_04_transpose_matrix.csproj", "{2B109DE7-4C8F-49FD-873A-C37E3F669784}"
EndProject
Project("{FAE04EC0-301F-11D3-BF4B-00C04F79EFBC}") = "Basic_09_bonus_05_compare_matrix", "Basic_09_bonus_05_compare_matrix\Basic_09_bonus_05_compare_matrix.csproj", "{613FF218-6924-45AE-92B2-725C5F920F5E}"
EndProject
Project("{FAE04EC0-301F-11D3-BF4B-00C04F79EFBC}") = "Basic_10_3_delete_spaces_string", "Basic_10_3_delete_spaces_string\Basic_10_3_delete_spaces_string.csproj", "{0E2B3BF6-8F89-45FE-B35B-A2C313EE2D18}"
EndProject
Project("{FAE04EC0-301F-11D3-BF4B-00C04F79EFBC}") = "Basic_10_1_compare_first_letters", "Basic_10_1_compare_fitst_letters\Basic_10_1_compare_first_letters.csproj", "{1D177B98-F5CA-4D6B-B326-2021199BF41E}"
EndProject
Project("{FAE04EC0-301F-11D3-BF4B-00C04F79EFBC}") = "Basic_09_1_Arrays_2_algorythms", "Basic_09_1_Arrays_2_algorythms\Basic_09_1_Arrays_2_algorythms.csproj", "{9B2F0D9B-3130-41D9-9C43-4069406E67C4}"
EndProject
Global
	GlobalSection(SolutionConfigurationPlatforms) = preSolution
		Debug|Any CPU = Debug|Any CPU
		Release|Any CPU = Release|Any CPU
	EndGlobalSection
	GlobalSection(ProjectConfigurationPlatforms) = postSolution
		{64E473E5-1382-4AC6-83E2-F599BA2F62B6}.Debug|Any CPU.ActiveCfg = Debug|Any CPU
		{64E473E5-1382-4AC6-83E2-F599BA2F62B6}.Debug|Any CPU.Build.0 = Debug|Any CPU
		{64E473E5-1382-4AC6-83E2-F599BA2F62B6}.Release|Any CPU.ActiveCfg = Release|Any CPU
		{64E473E5-1382-4AC6-83E2-F599BA2F62B6}.Release|Any CPU.Build.0 = Release|Any CPU
		{284C340A-9774-4541-8071-AD025BDD4F29}.Debug|Any CPU.ActiveCfg = Debug|Any CPU
		{284C340A-9774-4541-8071-AD025BDD4F29}.Debug|Any CPU.Build.0 = Debug|Any CPU
		{284C340A-9774-4541-8071-AD025BDD4F29}.Release|Any CPU.ActiveCfg = Release|Any CPU
		{284C340A-9774-4541-8071-AD025BDD4F29}.Release|Any CPU.Build.0 = Release|Any CPU
		{269702B4-E3F9-41D7-87FA-F55A5C566A0E}.Debug|Any CPU.ActiveCfg = Debug|Any CPU
		{269702B4-E3F9-41D7-87FA-F55A5C566A0E}.Debug|Any CPU.Build.0 = Debug|Any CPU
		{269702B4-E3F9-41D7-87FA-F55A5C566A0E}.Release|Any CPU.ActiveCfg = Release|Any CPU
		{269702B4-E3F9-41D7-87FA-F55A5C566A0E}.Release|Any CPU.Build.0 = Release|Any CPU
		{998671FB-4C08-4F3B-8916-326C1EB042E6}.Debug|Any CPU.ActiveCfg = Debug|Any CPU
		{998671FB-4C08-4F3B-8916-326C1EB042E6}.Debug|Any CPU.Build.0 = Debug|Any CPU
		{998671FB-4C08-4F3B-8916-326C1EB042E6}.Release|Any CPU.ActiveCfg = Release|Any CPU
		{998671FB-4C08-4F3B-8916-326C1EB042E6}.Release|Any CPU.Build.0 = Release|Any CPU
		{61598B61-ECBE-4828-AA0A-B911BAB83A97}.Debug|Any CPU.ActiveCfg = Debug|Any CPU
		{61598B61-ECBE-4828-AA0A-B911BAB83A97}.Debug|Any CPU.Build.0 = Debug|Any CPU
		{61598B61-ECBE-4828-AA0A-B911BAB83A97}.Release|Any CPU.ActiveCfg = Release|Any CPU
		{61598B61-ECBE-4828-AA0A-B911BAB83A97}.Release|Any CPU.Build.0 = Release|Any CPU
		{E5B9892C-E374-48E5-B077-E78E18E31DB4}.Debug|Any CPU.ActiveCfg = Debug|Any CPU
		{E5B9892C-E374-48E5-B077-E78E18E31DB4}.Debug|Any CPU.Build.0 = Debug|Any CPU
		{E5B9892C-E374-48E5-B077-E78E18E31DB4}.Release|Any CPU.ActiveCfg = Release|Any CPU
		{E5B9892C-E374-48E5-B077-E78E18E31DB4}.Release|Any CPU.Build.0 = Release|Any CPU
		{4F187044-0F9A-4F80-8FB1-EBB61B74CA09}.Debug|Any CPU.ActiveCfg = Debug|Any CPU
		{4F187044-0F9A-4F80-8FB1-EBB61B74CA09}.Debug|Any CPU.Build.0 = Debug|Any CPU
		{4F187044-0F9A-4F80-8FB1-EBB61B74CA09}.Release|Any CPU.ActiveCfg = Release|Any CPU
		{4F187044-0F9A-4F80-8FB1-EBB61B74CA09}.Release|Any CPU.Build.0 = Release|Any CPU
		{37411616-6686-4507-A22A-5BC1DFAD83E2}.Debug|Any CPU.ActiveCfg = Debug|Any CPU
		{37411616-6686-4507-A22A-5BC1DFAD83E2}.Debug|Any CPU.Build.0 = Debug|Any CPU
		{37411616-6686-4507-A22A-5BC1DFAD83E2}.Release|Any CPU.ActiveCfg = Release|Any CPU
		{37411616-6686-4507-A22A-5BC1DFAD83E2}.Release|Any CPU.Build.0 = Release|Any CPU
		{B0D0F3CF-0DDF-4C2E-8115-BC0B35BE4423}.Debug|Any CPU.ActiveCfg = Debug|Any CPU
		{B0D0F3CF-0DDF-4C2E-8115-BC0B35BE4423}.Debug|Any CPU.Build.0 = Debug|Any CPU
		{B0D0F3CF-0DDF-4C2E-8115-BC0B35BE4423}.Release|Any CPU.ActiveCfg = Release|Any CPU
		{B0D0F3CF-0DDF-4C2E-8115-BC0B35BE4423}.Release|Any CPU.Build.0 = Release|Any CPU
		{48C98E3C-02D8-4A92-9E65-3B0D51A1F984}.Debug|Any CPU.ActiveCfg = Debug|Any CPU
		{48C98E3C-02D8-4A92-9E65-3B0D51A1F984}.Debug|Any CPU.Build.0 = Debug|Any CPU
		{48C98E3C-02D8-4A92-9E65-3B0D51A1F984}.Release|Any CPU.ActiveCfg = Release|Any CPU
		{48C98E3C-02D8-4A92-9E65-3B0D51A1F984}.Release|Any CPU.Build.0 = Release|Any CPU
		{EC942731-AAA3-48FA-AFC2-FABFD8FDE5D7}.Debug|Any CPU.ActiveCfg = Debug|Any CPU
		{EC942731-AAA3-48FA-AFC2-FABFD8FDE5D7}.Debug|Any CPU.Build.0 = Debug|Any CPU
		{EC942731-AAA3-48FA-AFC2-FABFD8FDE5D7}.Release|Any CPU.ActiveCfg = Release|Any CPU
		{EC942731-AAA3-48FA-AFC2-FABFD8FDE5D7}.Release|Any CPU.Build.0 = Release|Any CPU
		{4352C846-E107-416E-966C-B8FF19D1B675}.Debug|Any CPU.ActiveCfg = Debug|Any CPU
		{4352C846-E107-416E-966C-B8FF19D1B675}.Debug|Any CPU.Build.0 = Debug|Any CPU
		{4352C846-E107-416E-966C-B8FF19D1B675}.Release|Any CPU.ActiveCfg = Release|Any CPU
		{4352C846-E107-416E-966C-B8FF19D1B675}.Release|Any CPU.Build.0 = Release|Any CPU
		{E7B7254E-17FD-47D0-BAD7-7950ED47568A}.Debug|Any CPU.ActiveCfg = Debug|Any CPU
		{E7B7254E-17FD-47D0-BAD7-7950ED47568A}.Debug|Any CPU.Build.0 = Debug|Any CPU
		{E7B7254E-17FD-47D0-BAD7-7950ED47568A}.Release|Any CPU.ActiveCfg = Release|Any CPU
		{E7B7254E-17FD-47D0-BAD7-7950ED47568A}.Release|Any CPU.Build.0 = Release|Any CPU
		{8E8D042E-8EC6-473C-93FD-EC33CEAC5EA6}.Debug|Any CPU.ActiveCfg = Debug|Any CPU
		{8E8D042E-8EC6-473C-93FD-EC33CEAC5EA6}.Debug|Any CPU.Build.0 = Debug|Any CPU
		{8E8D042E-8EC6-473C-93FD-EC33CEAC5EA6}.Release|Any CPU.ActiveCfg = Release|Any CPU
		{8E8D042E-8EC6-473C-93FD-EC33CEAC5EA6}.Release|Any CPU.Build.0 = Release|Any CPU
		{6A38476B-E63E-402E-930B-0F9E369A8CB6}.Debug|Any CPU.ActiveCfg = Debug|Any CPU
		{6A38476B-E63E-402E-930B-0F9E369A8CB6}.Debug|Any CPU.Build.0 = Debug|Any CPU
		{6A38476B-E63E-402E-930B-0F9E369A8CB6}.Release|Any CPU.ActiveCfg = Release|Any CPU
		{6A38476B-E63E-402E-930B-0F9E369A8CB6}.Release|Any CPU.Build.0 = Release|Any CPU
		{7FFCEA44-2DC0-4C10-A1D3-9A2400A5B984}.Debug|Any CPU.ActiveCfg = Debug|Any CPU
		{7FFCEA44-2DC0-4C10-A1D3-9A2400A5B984}.Debug|Any CPU.Build.0 = Debug|Any CPU
		{7FFCEA44-2DC0-4C10-A1D3-9A2400A5B984}.Release|Any CPU.ActiveCfg = Release|Any CPU
		{7FFCEA44-2DC0-4C10-A1D3-9A2400A5B984}.Release|Any CPU.Build.0 = Release|Any CPU
		{BB6F97F4-5CC0-4887-89E5-285F093314E4}.Debug|Any CPU.ActiveCfg = Debug|Any CPU
		{BB6F97F4-5CC0-4887-89E5-285F093314E4}.Debug|Any CPU.Build.0 = Debug|Any CPU
		{BB6F97F4-5CC0-4887-89E5-285F093314E4}.Release|Any CPU.ActiveCfg = Release|Any CPU
		{BB6F97F4-5CC0-4887-89E5-285F093314E4}.Release|Any CPU.Build.0 = Release|Any CPU
		{2B109DE7-4C8F-49FD-873A-C37E3F669784}.Debug|Any CPU.ActiveCfg = Debug|Any CPU
		{2B109DE7-4C8F-49FD-873A-C37E3F669784}.Debug|Any CPU.Build.0 = Debug|Any CPU
		{2B109DE7-4C8F-49FD-873A-C37E3F669784}.Release|Any CPU.ActiveCfg = Release|Any CPU
		{2B109DE7-4C8F-49FD-873A-C37E3F669784}.Release|Any CPU.Build.0 = Release|Any CPU
		{613FF218-6924-45AE-92B2-725C5F920F5E}.Debug|Any CPU.ActiveCfg = Debug|Any CPU
		{613FF218-6924-45AE-92B2-725C5F920F5E}.Debug|Any CPU.Build.0 = Debug|Any CPU
		{613FF218-6924-45AE-92B2-725C5F920F5E}.Release|Any CPU.ActiveCfg = Release|Any CPU
		{613FF218-6924-45AE-92B2-725C5F920F5E}.Release|Any CPU.Build.0 = Release|Any CPU
		{0E2B3BF6-8F89-45FE-B35B-A2C313EE2D18}.Debug|Any CPU.ActiveCfg = Debug|Any CPU
		{0E2B3BF6-8F89-45FE-B35B-A2C313EE2D18}.Debug|Any CPU.Build.0 = Debug|Any CPU
		{0E2B3BF6-8F89-45FE-B35B-A2C313EE2D18}.Release|Any CPU.ActiveCfg = Release|Any CPU
		{0E2B3BF6-8F89-45FE-B35B-A2C313EE2D18}.Release|Any CPU.Build.0 = Release|Any CPU
		{1D177B98-F5CA-4D6B-B326-2021199BF41E}.Debug|Any CPU.ActiveCfg = Debug|Any CPU
		{1D177B98-F5CA-4D6B-B326-2021199BF41E}.Debug|Any CPU.Build.0 = Debug|Any CPU
		{1D177B98-F5CA-4D6B-B326-2021199BF41E}.Release|Any CPU.ActiveCfg = Release|Any CPU
		{1D177B98-F5CA-4D6B-B326-2021199BF41E}.Release|Any CPU.Build.0 = Release|Any CPU
		{9B2F0D9B-3130-41D9-9C43-4069406E67C4}.Debug|Any CPU.ActiveCfg = Debug|Any CPU
		{9B2F0D9B-3130-41D9-9C43-4069406E67C4}.Debug|Any CPU.Build.0 = Debug|Any CPU
		{9B2F0D9B-3130-41D9-9C43-4069406E67C4}.Release|Any CPU.ActiveCfg = Release|Any CPU
		{9B2F0D9B-3130-41D9-9C43-4069406E67C4}.Release|Any CPU.Build.0 = Release|Any CPU
	EndGlobalSection
	GlobalSection(SolutionProperties) = preSolution
		HideSolutionNode = FALSE
	EndGlobalSection
	GlobalSection(ExtensibilityGlobals) = postSolution
		SolutionGuid = {510BDE61-09A7-4E0B-ABCE-6B977D6B9DA6}
	EndGlobalSection
EndGlobal
